
Microsoft Visual Studio Solution File, Format Version 12.00
# Visual Studio 2013
VisualStudioVersion = 12.0.30501.0
MinimumVisualStudioVersion = 10.0.40219.1
Project("{FAE04EC0-301F-11D3-BF4B-00C04F79EFBC}") = "LargerFootprints", "LargerFootprints\LargerFootprints.csproj", "{FC1ECE11-027A-4D3D-8715-069839B3C78E}"
EndProject
Global
	GlobalSection(SolutionConfigurationPlatforms) = preSolution
		Debug|Any CPU = Debug|Any CPU
		Release|Any CPU = Release|Any CPU
	EndGlobalSection
	GlobalSection(ProjectConfigurationPlatforms) = postSolution
		{FC1ECE11-027A-4D3D-8715-069839B3C78E}.Debug|Any CPU.ActiveCfg = Debug|Any CPU
		{FC1ECE11-027A-4D3D-8715-069839B3C78E}.Debug|Any CPU.Build.0 = Debug|Any CPU
		{FC1ECE11-027A-4D3D-8715-069839B3C78E}.Release|Any CPU.ActiveCfg = Release|Any CPU
		{FC1ECE11-027A-4D3D-8715-069839B3C78E}.Release|Any CPU.Build.0 = Release|Any CPU
	EndGlobalSection
	GlobalSection(SolutionProperties) = preSolution
		HideSolutionNode = FALSE
	EndGlobalSection
EndGlobal
